
Microsoft Visual Studio Solution File, Format Version 12.00
# Visual Studio Version 17
VisualStudioVersion = 17.14.36623.8
MinimumVisualStudioVersion = 10.0.40219.1
Project("{FAE04EC0-301F-11D3-BF4B-00C04F79EFBC}") = "ERP", "ERP\ERP.csproj", "{DC5A7154-752D-4FD5-9A99-09248DB11819}"
EndProject
Project("{E24C65DC-7377-472B-9ABA-BC803B73C61A}") = "ERPAUTO.client", "ERPAUTO.client\", "{0C2E77CE-A730-9B00-BD33-3418BF0F9836}"
	ProjectSection(WebsiteProperties) = preProject
		TargetFrameworkMoniker = ".NETFramework,Version%3Dv4.8"
		Debug.AspNetCompiler.VirtualPath = "/localhost_52068"
		Debug.AspNetCompiler.PhysicalPath = "ERPAUTO.client\"
		Debug.AspNetCompiler.TargetPath = "PrecompiledWeb\localhost_52068\"
		Debug.AspNetCompiler.Updateable = "true"
		Debug.AspNetCompiler.ForceOverwrite = "true"
		Debug.AspNetCompiler.FixedNames = "false"
		Debug.AspNetCompiler.Debug = "True"
		Release.AspNetCompiler.VirtualPath = "/localhost_52068"
		Release.AspNetCompiler.PhysicalPath = "ERPAUTO.client\"
		Release.AspNetCompiler.TargetPath = "PrecompiledWeb\localhost_52068\"
		Release.AspNetCompiler.Updateable = "true"
		Release.AspNetCompiler.ForceOverwrite = "true"
		Release.AspNetCompiler.FixedNames = "false"
		Release.AspNetCompiler.Debug = "False"
		VWDPort = "52068"
		SlnRelativePath = "ERPAUTO.client\"
	EndProjectSection
EndProject
Global
	GlobalSection(SolutionConfigurationPlatforms) = preSolution
		Debug|Any CPU = Debug|Any CPU
		Release|Any CPU = Release|Any CPU
	EndGlobalSection
	GlobalSection(ProjectConfigurationPlatforms) = postSolution
		{DC5A7154-752D-4FD5-9A99-09248DB11819}.Debug|Any CPU.ActiveCfg = Debug|Any CPU
		{DC5A7154-752D-4FD5-9A99-09248DB11819}.Debug|Any CPU.Build.0 = Debug|Any CPU
		{DC5A7154-752D-4FD5-9A99-09248DB11819}.Release|Any CPU.ActiveCfg = Release|Any CPU
		{DC5A7154-752D-4FD5-9A99-09248DB11819}.Release|Any CPU.Build.0 = Release|Any CPU
		{0C2E77CE-A730-9B00-BD33-3418BF0F9836}.Debug|Any CPU.ActiveCfg = Debug|Any CPU
		{0C2E77CE-A730-9B00-BD33-3418BF0F9836}.Debug|Any CPU.Build.0 = Debug|Any CPU
		{0C2E77CE-A730-9B00-BD33-3418BF0F9836}.Release|Any CPU.ActiveCfg = Debug|Any CPU
		{0C2E77CE-A730-9B00-BD33-3418BF0F9836}.Release|Any CPU.Build.0 = Debug|Any CPU
	EndGlobalSection
	GlobalSection(SolutionProperties) = preSolution
		HideSolutionNode = FALSE
	EndGlobalSection
	GlobalSection(ExtensibilityGlobals) = postSolution
		SolutionGuid = {D72F9805-D58B-424B-9BD3-1B3E80696569}
	EndGlobalSection
EndGlobal
